dependencies:
  idf:
    component_hash: null
    source:
      type: idf
    version: 5.0.0
  lvgl/lvgl:
    component_hash: 2567762b19953712ee38789ad8f8de57ad1f6e39283adefbbfc7184ffe662831
    source:
      service_url: https://api.components.espressif.com/
      type: service
    version: 8.2.0
manifest_hash: 23fff7f88a7626b1f81683b8caaa22f6dacdeec2223c4ec0c085dd3898ed0a32
target: esp32s3
version: 1.0.0
